// !$*UTF8*$!
{
	archiveVersion = 1;
	classes = {
	};
	objectVersion = 46;
	objects = {

/* Begin PBXBuildFile section */
		DB13B16A1849DF1E0010F42D /* Foundation.framework in Frameworks */ = {isa = PBXBuildFile; fileRef = DB13B1691849DF1E0010F42D /* Foundation.framework */; };
		DB13B1931849DF510010F42D /* Cocoa.framework in Frameworks */ = {isa = PBXBuildFile; fileRef = DB13B1921849DF510010F42D /* Cocoa.framework */; };
		DB13B33D1849E0CE0010F42D /* ffi.c in Sources */ = {isa = PBXBuildFile; fileRef = DB13B3301849E0CE0010F42D /* ffi.c */; };
		DB13B33E1849E0CE0010F42D /* sysv.S in Sources */ = {isa = PBXBuildFile; fileRef = DB13B3311849E0CE0010F42D /* sysv.S */; };
		DB13B33F1849E0CE0010F42D /* trampoline.S in Sources */ = {isa = PBXBuildFile; fileRef = DB13B3321849E0CE0010F42D /* trampoline.S */; };
		DB13B3401849E0CE0010F42D /* closures.c in Sources */ = {isa = PBXBuildFile; fileRef = DB13B3331849E0CE0010F42D /* closures.c */; };
		DB13B3441849E0CE0010F42D /* prep_cif.c in Sources */ = {isa = PBXBuildFile; fileRef = DB13B3371849E0CE0010F42D /* prep_cif.c */; };
		DB13B3451849E0CE0010F42D /* raw_api.c in Sources */ = {isa = PBXBuildFile; fileRef = DB13B3381849E0CE0010F42D /* raw_api.c */; };
		DB13B3461849E0CE0010F42D /* types.c in Sources */ = {isa = PBXBuildFile; fileRef = DB13B3391849E0CE0010F42D /* types.c */; };
		DB13B3471849E0CE0010F42D /* darwin.S in Sources */ = {isa = PBXBuildFile; fileRef = DB13B33B1849E0CE0010F42D /* darwin.S */; };
		DB13B3481849E0CE0010F42D /* ffi.c in Sources */ = {isa = PBXBuildFile; fileRef = DB13B33C1849E0CE0010F42D /* ffi.c */; };
		DB13B3631849E0FF0010F42D /* ffi.h in Headers */ = {isa = PBXBuildFile; fileRef = DB13B34C1849E0FF0010F42D /* ffi.h */; };
		DB13B3641849E0FF0010F42D /* ffi_common.h in Headers */ = {isa = PBXBuildFile; fileRef = DB13B34D1849E0FF0010F42D /* ffi_common.h */; };
		DB13B3651849E0FF0010F42D /* ffi_i386.h in Headers */ = {isa = PBXBuildFile; fileRef = DB13B34E1849E0FF0010F42D /* ffi_i386.h */; };
		DB13B3661849E0FF0010F42D /* ffi_x86_64.h in Headers */ = {isa = PBXBuildFile; fileRef = DB13B34F1849E0FF0010F42D /* ffi_x86_64.h */; };
		DB13B3671849E0FF0010F42D /* fficonfig.h in Headers */ = {isa = PBXBuildFile; fileRef = DB13B3501849E0FF0010F42D /* fficonfig.h */; };
		DB13B3681849E0FF0010F42D /* fficonfig_i386.h in Headers */ = {isa = PBXBuildFile; fileRef = DB13B3511849E0FF0010F42D /* fficonfig_i386.h */; };
		DB13B3691849E0FF0010F42D /* fficonfig_x86_64.h in Headers */ = {isa = PBXBuildFile; fileRef = DB13B3521849E0FF0010F42D /* fficonfig_x86_64.h */; };
		DB13B36A1849E0FF0010F42D /* ffitarget.h in Headers */ = {isa = PBXBuildFile; fileRef = DB13B3531849E0FF0010F42D /* ffitarget.h */; };
		DB13B36B1849E0FF0010F42D /* ffitarget_i386.h in Headers */ = {isa = PBXBuildFile; fileRef = DB13B3541849E0FF0010F42D /* ffitarget_i386.h */; };
		DB13B36C1849E0FF0010F42D /* ffitarget_x86_64.h in Headers */ = {isa = PBXBuildFile; fileRef = DB13B3551849E0FF0010F42D /* ffitarget_x86_64.h */; };
		DB13B36D1849E0FF0010F42D /* closures.c in Sources */ = {isa = PBXBuildFile; fileRef = DB13B3571849E0FF0010F42D /* closures.c */; };
		DB13B3711849E0FF0010F42D /* prep_cif.c in Sources */ = {isa = PBXBuildFile; fileRef = DB13B35B1849E0FF0010F42D /* prep_cif.c */; };
		DB13B3721849E0FF0010F42D /* raw_api.c in Sources */ = {isa = PBXBuildFile; fileRef = DB13B35C1849E0FF0010F42D /* raw_api.c */; };
		DB13B3731849E0FF0010F42D /* types.c in Sources */ = {isa = PBXBuildFile; fileRef = DB13B35D1849E0FF0010F42D /* types.c */; };
		DB13B3741849E0FF0010F42D /* darwin.S in Sources */ = {isa = PBXBuildFile; fileRef = DB13B35F1849E0FF0010F42D /* darwin.S */; };
		DB13B3751849E0FF0010F42D /* darwin64.S in Sources */ = {isa = PBXBuildFile; fileRef = DB13B3601849E0FF0010F42D /* darwin64.S */; };
		DB13B3761849E0FF0010F42D /* ffi.c in Sources */ = {isa = PBXBuildFile; fileRef = DB13B3611849E0FF0010F42D /* ffi.c */; };
		DB13B3771849E0FF0010F42D /* ffi64.c in Sources */ = {isa = PBXBuildFile; fileRef = DB13B3621849E0FF0010F42D /* ffi64.c */; };
/* End PBXBuildFile section */

/* Begin PBXCopyFilesBuildPhase section */
		DB13B1641849DF1E0010F42D /* CopyFiles */ = {
			isa = PBXCopyFilesBuildPhase;
			buildActionMask = 2147483647;
			dstPath = "include/$(PRODUCT_NAME)";
			dstSubfolderSpec = 16;
			files = (
			);
			runOnlyForDeploymentPostprocessing = 0;
		};
/* End PBXCopyFilesBuildPhase section */

/* Begin PBXFileReference section */
		DB13B1661849DF1E0010F42D /* libffi.a */ = {isa = PBXFileReference; explicitFileType = archive.ar; includeInIndex = 0; path = libffi.a; sourceTree = BUILT_PRODUCTS_DIR; };
		DB13B1691849DF1E0010F42D /* Foundation.framework */ = {isa = PBXFileReference; lastKnownFileType = wrapper.framework; name = Foundation.framework; path = System/Library/Frameworks/Foundation.framework; sourceTree = SDKROOT; };
		DB13B1911849DF510010F42D /* ffi.dylib */ = {isa = PBXFileReference; explicitFileType = "compiled.mach-o.dylib"; includeInIndex = 0; path = ffi.dylib; sourceTree = BUILT_PRODUCTS_DIR; };
		DB13B1921849DF510010F42D /* Cocoa.framework */ = {isa = PBXFileReference; lastKnownFileType = wrapper.framework; name = Cocoa.framework; path = System/Library/Frameworks/Cocoa.framework; sourceTree = SDKROOT; };
		DB13B3241849E0CE0010F42D /* ffi.h */ = {isa = PBXFileReference; fileEncoding = 4; lastKnownFileType = sourcecode.c.h; path = ffi.h; sourceTree = "<group>"; };
		DB13B3251849E0CE0010F42D /* ffi_arm.h */ = {isa = PBXFileReference; fileEncoding = 4; lastKnownFileType = sourcecode.c.h; path = ffi_arm.h; sourceTree = "<group>"; };
		DB13B3261849E0CE0010F42D /* ffi_common.h */ = {isa = PBXFileReference; fileEncoding = 4; lastKnownFileType = sourcecode.c.h; path = ffi_common.h; sourceTree = "<group>"; };
		DB13B3271849E0CE0010F42D /* ffi_i386.h */ = {isa = PBXFileReference; fileEncoding = 4; lastKnownFileType = sourcecode.c.h; path = ffi_i386.h; sourceTree = "<group>"; };
		DB13B3281849E0CE0010F42D /* fficonfig.h */ = {isa = PBXFileReference; fileEncoding = 4; lastKnownFileType = sourcecode.c.h; path = fficonfig.h; sourceTree = "<group>"; };
		DB13B3291849E0CE0010F42D /* fficonfig_arm.h */ = {isa = PBXFileReference; fileEncoding = 4; lastKnownFileType = sourcecode.c.h; path = fficonfig_arm.h; sourceTree = "<group>"; };
		DB13B32A1849E0CE0010F42D /* fficonfig_i386.h */ = {isa = PBXFileReference; fileEncoding = 4; lastKnownFileType = sourcecode.c.h; path = fficonfig_i386.h; sourceTree = "<group>"; };
		DB13B32B1849E0CE0010F42D /* ffitarget.h */ = {isa = PBXFileReference; fileEncoding = 4; lastKnownFileType = sourcecode.c.h; path = ffitarget.h; sourceTree = "<group>"; };
		DB13B32C1849E0CE0010F42D /* ffitarget_arm.h */ = {isa = PBXFileReference; fileEncoding = 4; lastKnownFileType = sourcecode.c.h; path = ffitarget_arm.h; sourceTree = "<group>"; };
		DB13B32D1849E0CE0010F42D /* ffitarget_i386.h */ = {isa = PBXFileReference; fileEncoding = 4; lastKnownFileType = sourcecode.c.h; path = ffitarget_i386.h; sourceTree = "<group>"; };
		DB13B3301849E0CE0010F42D /* ffi.c */ = {isa = PBXFileReference; fileEncoding = 4; lastKnownFileType = sourcecode.c.c; path = ffi.c; sourceTree = "<group>"; };
		DB13B3311849E0CE0010F42D /* sysv.S */ = {isa = PBXFileReference; fileEncoding = 4; lastKnownFileType = sourcecode.asm; path = sysv.S; sourceTree = "<group>"; };
		DB13B3321849E0CE0010F42D /* trampoline.S */ = {isa = PBXFileReference; fileEncoding = 4; lastKnownFileType = sourcecode.asm; path = trampoline.S; sourceTree = "<group>"; };
		DB13B3331849E0CE0010F42D /* closures.c */ = {isa = PBXFileReference; fileEncoding = 4; lastKnownFileType = sourcecode.c.c; path = closures.c; sourceTree = "<group>"; };
		DB13B3351849E0CE0010F42D /* dlmalloc.c */ = {isa = PBXFileReference; fileEncoding = 4; lastKnownFileType = sourcecode.c.c; path = dlmalloc.c; sourceTree = "<group>"; };
		DB13B3371849E0CE0010F42D /* prep_cif.c */ = {isa = PBXFileReference; fileEncoding = 4; lastKnownFileType = sourcecode.c.c; path = prep_cif.c; sourceTree = "<group>"; };
		DB13B3381849E0CE0010F42D /* raw_api.c */ = {isa = PBXFileReference; fileEncoding = 4; lastKnownFileType = sourcecode.c.c; path = raw_api.c; sourceTree = "<group>"; };
		DB13B3391849E0CE0010F42D /* types.c */ = {isa = PBXFileReference; fileEncoding = 4; lastKnownFileType = sourcecode.c.c; path = types.c; sourceTree = "<group>"; };
		DB13B33B1849E0CE0010F42D /* darwin.S */ = {isa = PBXFileReference; fileEncoding = 4; lastKnownFileType = sourcecode.asm; path = darwin.S; sourceTree = "<group>"; };
		DB13B33C1849E0CE0010F42D /* ffi.c */ = {isa = PBXFileReference; fileEncoding = 4; lastKnownFileType = sourcecode.c.c; path = ffi.c; sourceTree = "<group>"; };
		DB13B34C1849E0FF0010F42D /* ffi.h */ = {isa = PBXFileReference; fileEncoding = 4; lastKnownFileType = sourcecode.c.h; path = ffi.h; sourceTree = "<group>"; };
		DB13B34D1849E0FF0010F42D /* ffi_common.h */ = {isa = PBXFileReference; fileEncoding = 4; lastKnownFileType = sourcecode.c.h; path = ffi_common.h; sourceTree = "<group>"; };
		DB13B34E1849E0FF0010F42D /* ffi_i386.h */ = {isa = PBXFileReference; fileEncoding = 4; lastKnownFileType = sourcecode.c.h; path = ffi_i386.h; sourceTree = "<group>"; };
		DB13B34F1849E0FF0010F42D /* ffi_x86_64.h */ = {isa = PBXFileReference; fileEncoding = 4; lastKnownFileType = sourcecode.c.h; path = ffi_x86_64.h; sourceTree = "<group>"; };
		DB13B3501849E0FF0010F42D /* fficonfig.h */ = {isa = PBXFileReference; fileEncoding = 4; lastKnownFileType = sourcecode.c.h; path = fficonfig.h; sourceTree = "<group>"; };
		DB13B3511849E0FF0010F42D /* fficonfig_i386.h */ = {isa = PBXFileReference; fileEncoding = 4; lastKnownFileType = sourcecode.c.h; path = fficonfig_i386.h; sourceTree = "<group>"; };
		DB13B3521849E0FF0010F42D /* fficonfig_x86_64.h */ = {isa = PBXFileReference; fileEncoding = 4; lastKnownFileType = sourcecode.c.h; path = fficonfig_x86_64.h; sourceTree = "<group>"; };
		DB13B3531849E0FF0010F42D /* ffitarget.h */ = {isa = PBXFileReference; fileEncoding = 4; lastKnownFileType = sourcecode.c.h; path = ffitarget.h; sourceTree = "<group>"; };
		DB13B3541849E0FF0010F42D /* ffitarget_i386.h */ = {isa = PBXFileReference; fileEncoding = 4; lastKnownFileType = sourcecode.c.h; path = ffitarget_i386.h; sourceTree = "<group>"; };
		DB13B3551849E0FF0010F42D /* ffitarget_x86_64.h */ = {isa = PBXFileReference; fileEncoding = 4; lastKnownFileType = sourcecode.c.h; path = ffitarget_x86_64.h; sourceTree = "<group>"; };
		DB13B3571849E0FF0010F42D /* closures.c */ = {isa = PBXFileReference; fileEncoding = 4; lastKnownFileType = sourcecode.c.c; path = closures.c; sourceTree = "<group>"; };
		DB13B3591849E0FF0010F42D /* dlmalloc.c */ = {isa = PBXFileReference; fileEncoding = 4; lastKnownFileType = sourcecode.c.c; path = dlmalloc.c; sourceTree = "<group>"; };
		DB13B35B1849E0FF0010F42D /* prep_cif.c */ = {isa = PBXFileReference; fileEncoding = 4; lastKnownFileType = sourcecode.c.c; path = prep_cif.c; sourceTree = "<group>"; };
		DB13B35C1849E0FF0010F42D /* raw_api.c */ = {isa = PBXFileReference; fileEncoding = 4; lastKnownFileType = sourcecode.c.c; path = raw_api.c; sourceTree = "<group>"; };
		DB13B35D1849E0FF0010F42D /* types.c */ = {isa = PBXFileReference; fileEncoding = 4; lastKnownFileType = sourcecode.c.c; path = types.c; sourceTree = "<group>"; };
		DB13B35F1849E0FF0010F42D /* darwin.S */ = {isa = PBXFileReference; fileEncoding = 4; lastKnownFileType = sourcecode.asm; path = darwin.S; sourceTree = "<group>"; };
		DB13B3601849E0FF0010F42D /* darwin64.S */ = {isa = PBXFileReference; fileEncoding = 4; lastKnownFileType = sourcecode.asm; path = darwin64.S; sourceTree = "<group>"; };
		DB13B3611849E0FF0010F42D /* ffi.c */ = {isa = PBXFileReference; fileEncoding = 4; lastKnownFileType = sourcecode.c.c; path = ffi.c; sourceTree = "<group>"; };
		DB13B3621849E0FF0010F42D /* ffi64.c */ = {isa = PBXFileReference; fileEncoding = 4; lastKnownFileType = sourcecode.c.c; path = ffi64.c; sourceTree = "<group>"; };
/* End PBXFileReference section */

/* Begin PBXFrameworksBuildPhase section */
		DB13B1631849DF1E0010F42D /* Frameworks */ = {
			isa = PBXFrameworksBuildPhase;
			buildActionMask = 2147483647;
			files = (
				DB13B16A1849DF1E0010F42D /* Foundation.framework in Frameworks */,
			);
			runOnlyForDeploymentPostprocessing = 0;
		};
		DB13B18E1849DF510010F42D /* Frameworks */ = {
			isa = PBXFrameworksBuildPhase;
			buildActionMask = 2147483647;
			files = (
				DB13B1931849DF510010F42D /* Cocoa.framework in Frameworks */,
			);
			runOnlyForDeploymentPostprocessing = 0;
		};
/* End PBXFrameworksBuildPhase section */

/* Begin PBXGroup section */
		DB13B15B1849DEB70010F42D = {
			isa = PBXGroup;
			children = (
				DB13B3221849E0CE0010F42D /* ios */,
				DB13B34A1849E0FF0010F42D /* osx */,
				DB13B1681849DF1E0010F42D /* Frameworks */,
				DB13B1671849DF1E0010F42D /* Products */,
			);
			sourceTree = "<group>";
		};
		DB13B1671849DF1E0010F42D /* Products */ = {
			isa = PBXGroup;
			children = (
				DB13B1661849DF1E0010F42D /* libffi.a */,
				DB13B1911849DF510010F42D /* ffi.dylib */,
			);
			name = Products;
			sourceTree = "<group>";
		};
		DB13B1681849DF1E0010F42D /* Frameworks */ = {
			isa = PBXGroup;
			children = (
				DB13B1691849DF1E0010F42D /* Foundation.framework */,
				DB13B1921849DF510010F42D /* Cocoa.framework */,
			);
			name = Frameworks;
			sourceTree = "<group>";
		};
		DB13B3221849E0CE0010F42D /* ios */ = {
			isa = PBXGroup;
			children = (
				DB13B3231849E0CE0010F42D /* include */,
				DB13B32E1849E0CE0010F42D /* src */,
			);
			path = ios;
			sourceTree = "<group>";
		};
		DB13B3231849E0CE0010F42D /* include */ = {
			isa = PBXGroup;
			children = (
				DB13B3241849E0CE0010F42D /* ffi.h */,
				DB13B3251849E0CE0010F42D /* ffi_arm.h */,
				DB13B3261849E0CE0010F42D /* ffi_common.h */,
				DB13B3271849E0CE0010F42D /* ffi_i386.h */,
				DB13B3281849E0CE0010F42D /* fficonfig.h */,
				DB13B3291849E0CE0010F42D /* fficonfig_arm.h */,
				DB13B32A1849E0CE0010F42D /* fficonfig_i386.h */,
				DB13B32B1849E0CE0010F42D /* ffitarget.h */,
				DB13B32C1849E0CE0010F42D /* ffitarget_arm.h */,
				DB13B32D1849E0CE0010F42D /* ffitarget_i386.h */,
			);
			path = include;
			sourceTree = "<group>";
		};
		DB13B32E1849E0CE0010F42D /* src */ = {
			isa = PBXGroup;
			children = (
				DB13B32F1849E0CE0010F42D /* arm */,
				DB13B3331849E0CE0010F42D /* closures.c */,
				DB13B3351849E0CE0010F42D /* dlmalloc.c */,
				DB13B3371849E0CE0010F42D /* prep_cif.c */,
				DB13B3381849E0CE0010F42D /* raw_api.c */,
				DB13B3391849E0CE0010F42D /* types.c */,
				DB13B33A1849E0CE0010F42D /* x86 */,
			);
			path = src;
			sourceTree = "<group>";
		};
		DB13B32F1849E0CE0010F42D /* arm */ = {
			isa = PBXGroup;
			children = (
				DB13B3301849E0CE0010F42D /* ffi.c */,
				DB13B3311849E0CE0010F42D /* sysv.S */,
				DB13B3321849E0CE0010F42D /* trampoline.S */,
			);
			path = arm;
			sourceTree = "<group>";
		};
		DB13B33A1849E0CE0010F42D /* x86 */ = {
			isa = PBXGroup;
			children = (
				DB13B33B1849E0CE0010F42D /* darwin.S */,
				DB13B33C1849E0CE0010F42D /* ffi.c */,
			);
			path = x86;
			sourceTree = "<group>";
		};
		DB13B34A1849E0FF0010F42D /* osx */ = {
			isa = PBXGroup;
			children = (
				DB13B34B1849E0FF0010F42D /* include */,
				DB13B3561849E0FF0010F42D /* src */,
			);
			path = osx;
			sourceTree = "<group>";
		};
		DB13B34B1849E0FF0010F42D /* include */ = {
			isa = PBXGroup;
			children = (
				DB13B34C1849E0FF0010F42D /* ffi.h */,
				DB13B34D1849E0FF0010F42D /* ffi_common.h */,
				DB13B34E1849E0FF0010F42D /* ffi_i386.h */,
				DB13B34F1849E0FF0010F42D /* ffi_x86_64.h */,
				DB13B3501849E0FF0010F42D /* fficonfig.h */,
				DB13B3511849E0FF0010F42D /* fficonfig_i386.h */,
				DB13B3521849E0FF0010F42D /* fficonfig_x86_64.h */,
				DB13B3531849E0FF0010F42D /* ffitarget.h */,
				DB13B3541849E0FF0010F42D /* ffitarget_i386.h */,
				DB13B3551849E0FF0010F42D /* ffitarget_x86_64.h */,
			);
			path = include;
			sourceTree = "<group>";
		};
		DB13B3561849E0FF0010F42D /* src */ = {
			isa = PBXGroup;
			children = (
				DB13B3571849E0FF0010F42D /* closures.c */,
				DB13B3591849E0FF0010F42D /* dlmalloc.c */,
				DB13B35B1849E0FF0010F42D /* prep_cif.c */,
				DB13B35C1849E0FF0010F42D /* raw_api.c */,
				DB13B35D1849E0FF0010F42D /* types.c */,
				DB13B35E1849E0FF0010F42D /* x86 */,
			);
			path = src;
			sourceTree = "<group>";
		};
		DB13B35E1849E0FF0010F42D /* x86 */ = {
			isa = PBXGroup;
			children = (
				DB13B35F1849E0FF0010F42D /* darwin.S */,
				DB13B3601849E0FF0010F42D /* darwin64.S */,
				DB13B3611849E0FF0010F42D /* ffi.c */,
				DB13B3621849E0FF0010F42D /* ffi64.c */,
			);
			path = x86;
			sourceTree = "<group>";
		};
/* End PBXGroup section */

/* Begin PBXHeadersBuildPhase section */
		DB13B18F1849DF510010F42D /* Headers */ = {
			isa = PBXHeadersBuildPhase;
			buildActionMask = 2147483647;
			files = (
				DB13B3681849E0FF0010F42D /* fficonfig_i386.h in Headers */,
				DB13B3651849E0FF0010F42D /* ffi_i386.h in Headers */,
				DB13B36B1849E0FF0010F42D /* ffitarget_i386.h in Headers */,
				DB13B3691849E0FF0010F42D /* fficonfig_x86_64.h in Headers */,
				DB13B3661849E0FF0010F42D /* ffi_x86_64.h in Headers */,
				DB13B3631849E0FF0010F42D /* ffi.h in Headers */,
				DB13B36A1849E0FF0010F42D /* ffitarget.h in Headers */,
				DB13B3641849E0FF0010F42D /* ffi_common.h in Headers */,
				DB13B36C1849E0FF0010F42D /* ffitarget_x86_64.h in Headers */,
				DB13B3671849E0FF0010F42D /* fficonfig.h in Headers */,
			);
			runOnlyForDeploymentPostprocessing = 0;
		};
/* End PBXHeadersBuildPhase section */

/* Begin PBXNativeTarget section */
		DB13B1651849DF1E0010F42D /* libffi-iOS */ = {
			isa = PBXNativeTarget;
			buildConfigurationList = DB13B18B1849DF1E0010F42D /* Build configuration list for PBXNativeTarget "libffi-iOS" */;
			buildPhases = (
				DB13B3051849E01C0010F42D /* ShellScript */,
				DB13B1621849DF1E0010F42D /* Sources */,
				DB13B1631849DF1E0010F42D /* Frameworks */,
				DB13B1641849DF1E0010F42D /* CopyFiles */,
			);
			buildRules = (
			);
			dependencies = (
			);
			name = "libffi-iOS";
			productName = ffi;
			productReference = DB13B1661849DF1E0010F42D /* libffi.a */;
			productType = "com.apple.product-type.library.static";
		};
		DB13B1901849DF510010F42D /* libffi-Mac */ = {
			isa = PBXNativeTarget;
			buildConfigurationList = DB13B1B01849DF520010F42D /* Build configuration list for PBXNativeTarget "libffi-Mac" */;
			buildPhases = (
				DB13B3061849E0490010F42D /* ShellScript */,
				DB13B18D1849DF510010F42D /* Sources */,
				DB13B18E1849DF510010F42D /* Frameworks */,
				DB13B18F1849DF510010F42D /* Headers */,
			);
			buildRules = (
			);
			dependencies = (
			);
			name = "libffi-Mac";
			productName = ffi;
			productReference = DB13B1911849DF510010F42D /* ffi.dylib */;
			productType = "com.apple.product-type.library.dynamic";
		};
/* End PBXNativeTarget section */

/* Begin PBXProject section */
		DB13B15C1849DEB70010F42D /* Project object */ = {
			isa = PBXProject;
			attributes = {
				LastUpgradeCheck = 0510;
			};
			buildConfigurationList = DB13B15F1849DEB70010F42D /* Build configuration list for PBXProject "libffi" */;
			compatibilityVersion = "Xcode 3.2";
			developmentRegion = English;
			hasScannedForEncodings = 0;
			knownRegions = (
				en,
			);
			mainGroup = DB13B15B1849DEB70010F42D;
			productRefGroup = DB13B1671849DF1E0010F42D /* Products */;
			projectDirPath = "";
			projectRoot = "";
			targets = (
				DB13B1651849DF1E0010F42D /* libffi-iOS */,
				DB13B1901849DF510010F42D /* libffi-Mac */,
			);
		};
/* End PBXProject section */

/* Begin PBXShellScriptBuildPhase section */
		DB13B3051849E01C0010F42D /* ShellScript */ = {
			isa = PBXShellScriptBuildPhase;
			buildActionMask = 2147483647;
			files = (
			);
			inputPaths = (
			);
			outputPaths = (
			);
			runOnlyForDeploymentPostprocessing = 0;
			shellPath = /bin/sh;
			shellScript = "/usr/bin/python generate-ios-source-and-headers.py";
		};
		DB13B3061849E0490010F42D /* ShellScript */ = {
			isa = PBXShellScriptBuildPhase;
			buildActionMask = 2147483647;
			files = (
			);
			inputPaths = (
			);
			outputPaths = (
			);
			runOnlyForDeploymentPostprocessing = 0;
			shellPath = /bin/sh;
			shellScript = "/usr/bin/python generate-osx-source-and-headers.py";
		};
/* End PBXShellScriptBuildPhase section */

/* Begin PBXSourcesBuildPhase section */
		DB13B1621849DF1E0010F42D /* Sources */ = {
			isa = PBXSourcesBuildPhase;
			buildActionMask = 2147483647;
			files = (
				DB13B3461849E0CE0010F42D /* types.c in Sources */,
				DB13B33E1849E0CE0010F42D /* sysv.S in Sources */,
				DB13B3451849E0CE0010F42D /* raw_api.c in Sources */,
				DB13B3401849E0CE0010F42D /* closures.c in Sources */,
				DB13B33F1849E0CE0010F42D /* trampoline.S in Sources */,
				DB13B33D1849E0CE0010F42D /* ffi.c in Sources */,
				DB13B3481849E0CE0010F42D /* ffi.c in Sources */,
				DB13B3471849E0CE0010F42D /* darwin.S in Sources */,
				DB13B3441849E0CE0010F42D /* prep_cif.c in Sources */,
			);
			runOnlyForDeploymentPostprocessing = 0;
		};
		DB13B18D1849DF510010F42D /* Sources */ = {
			isa = PBXSourcesBuildPhase;
			buildActionMask = 2147483647;
			files = (
				DB13B3761849E0FF0010F42D /* ffi.c in Sources */,
				DB13B3731849E0FF0010F42D /* types.c in Sources */,
				DB13B3721849E0FF0010F42D /* raw_api.c in Sources */,
				DB13B3711849E0FF0010F42D /* prep_cif.c in Sources */,
				DB13B36D1849E0FF0010F42D /* closures.c in Sources */,
				DB13B3741849E0FF0010F42D /* darwin.S in Sources */,
				DB13B3771849E0FF0010F42D /* ffi64.c in Sources */,
				DB13B3751849E0FF0010F42D /* darwin64.S in Sources */,
			);
			runOnlyForDeploymentPostprocessing = 0;
		};
/* End PBXSourcesBuildPhase section */

/* Begin XCBuildConfiguration section */
		DB13B1601849DEB70010F42D /* Debug */ = {
			isa = XCBuildConfiguration;
			buildSettings = {
			};
			name = Debug;
		};
		DB13B1611849DEB70010F42D /* Release */ = {
			isa = XCBuildConfiguration;
			buildSettings = {
			};
			name = Release;
		};
		DB13B1871849DF1E0010F42D /* Debug */ = {
			isa = XCBuildConfiguration;
			buildSettings = {
				ALWAYS_SEARCH_USER_PATHS = NO;
				ARCHS = "$(ARCHS_STANDARD)";
				CLANG_CXX_LANGUAGE_STANDARD = "gnu++0x";
				CLANG_CXX_LIBRARY = "libc++";
				CLANG_ENABLE_MODULES = YES;
				CLANG_ENABLE_OBJC_ARC = YES;
				CLANG_WARN_BOOL_CONVERSION = YES;
				CLANG_WARN_CONSTANT_CONVERSION = YES;
				CLANG_WARN_DIRECT_OBJC_ISA_USAGE = YES_ERROR;
				CLANG_WARN_EMPTY_BODY = YES;
				CLANG_WARN_ENUM_CONVERSION = YES;
				CLANG_WARN_INT_CONVERSION = YES;
				CLANG_WARN_OBJC_ROOT_CLASS = YES_ERROR;
				CLANG_WARN__DUPLICATE_METHOD_MATCH = YES;
				COPY_PHASE_STRIP = NO;
				DSTROOT = /tmp/ffi.dst;
				GCC_C_LANGUAGE_STANDARD = gnu99;
				GCC_DYNAMIC_NO_PIC = NO;
				GCC_OPTIMIZATION_LEVEL = 0;
				GCC_PREPROCESSOR_DEFINITIONS = (
					"DEBUG=1",
					"$(inherited)",
				);
				GCC_SYMBOLS_PRIVATE_EXTERN = NO;
				GCC_WARN_64_TO_32_BIT_CONVERSION = YES;
				GCC_WARN_ABOUT_RETURN_TYPE = YES_ERROR;
				GCC_WARN_UNDECLARED_SELECTOR = YES;
				GCC_WARN_UNINITIALIZED_AUTOS = YES_AGGRESSIVE;
				GCC_WARN_UNUSED_FUNCTION = YES;
				GCC_WARN_UNUSED_VARIABLE = YES;
				HEADER_SEARCH_PATHS = (
					"$(inherited)",
					ios/include,
				);
				IPHONEOS_DEPLOYMENT_TARGET = 7.1;
				ONLY_ACTIVE_ARCH = YES;
				OTHER_LDFLAGS = "-ObjC";
				PRODUCT_NAME = ffi;
				SDKROOT = iphoneos;
				SKIP_INSTALL = YES;
			};
			name = Debug;
		};
		DB13B1881849DF1E0010F42D /* Release */ = {
			isa = XCBuildConfiguration;
			buildSettings = {
				ALWAYS_SEARCH_USER_PATHS = NO;
				ARCHS = "$(ARCHS_STANDARD)";
				CLANG_CXX_LANGUAGE_STANDARD = "gnu++0x";
				CLANG_CXX_LIBRARY = "libc++";
				CLANG_ENABLE_MODULES = YES;
				CLANG_ENABLE_OBJC_ARC = YES;
				CLANG_WARN_BOOL_CONVERSION = YES;
				CLANG_WARN_CONSTANT_CONVERSION = YES;
				CLANG_WARN_DIRECT_OBJC_ISA_USAGE = YES_ERROR;
				CLANG_WARN_EMPTY_BODY = YES;
				CLANG_WARN_ENUM_CONVERSION = YES;
				CLANG_WARN_INT_CONVERSION = YES;
				CLANG_WARN_OBJC_ROOT_CLASS = YES_ERROR;
				CLANG_WARN__DUPLICATE_METHOD_MATCH = YES;
				COPY_PHASE_STRIP = YES;
				DSTROOT = /tmp/ffi.dst;
				ENABLE_NS_ASSERTIONS = NO;
				GCC_C_LANGUAGE_STANDARD = gnu99;
				GCC_WARN_64_TO_32_BIT_CONVERSION = YES;
				GCC_WARN_ABOUT_RETURN_TYPE = YES_ERROR;
				GCC_WARN_UNDECLARED_SELECTOR = YES;
				GCC_WARN_UNINITIALIZED_AUTOS = YES_AGGRESSIVE;
				GCC_WARN_UNUSED_FUNCTION = YES;
				GCC_WARN_UNUSED_VARIABLE = YES;
				HEADER_SEARCH_PATHS = (
					"$(inherited)",
					ios/include,
				);
				IPHONEOS_DEPLOYMENT_TARGET = 7.1;
				OTHER_LDFLAGS = "-ObjC";
				PRODUCT_NAME = ffi;
				SDKROOT = iphoneos;
				SKIP_INSTALL = YES;
				VALIDATE_PRODUCT = YES;
			};
			name = Release;
		};
		DB13B1B11849DF520010F42D /* Debug */ = {
			isa = XCBuildConfiguration;
			buildSettings = {
				ALWAYS_SEARCH_USER_PATHS = NO;
				ARCHS = "$(ARCHS_STANDARD_32_64_BIT)";
				CLANG_CXX_LANGUAGE_STANDARD = "gnu++0x";
				CLANG_CXX_LIBRARY = "libc++";
				CLANG_ENABLE_OBJC_ARC = YES;
				CLANG_WARN_BOOL_CONVERSION = YES;
				CLANG_WARN_CONSTANT_CONVERSION = YES;
				CLANG_WARN_DIRECT_OBJC_ISA_USAGE = YES_ERROR;
				CLANG_WARN_EMPTY_BODY = YES;
				CLANG_WARN_ENUM_CONVERSION = YES;
				CLANG_WARN_INT_CONVERSION = YES;
				CLANG_WARN_OBJC_ROOT_CLASS = YES_ERROR;
				CLANG_WARN__DUPLICATE_METHOD_MATCH = YES;
				COPY_PHASE_STRIP = NO;
				DYLIB_COMPATIBILITY_VERSION = 1;
				DYLIB_CURRENT_VERSION = 1;
				GCC_C_LANGUAGE_STANDARD = gnu99;
				GCC_DYNAMIC_NO_PIC = NO;
				GCC_ENABLE_OBJC_EXCEPTIONS = YES;
				GCC_OPTIMIZATION_LEVEL = 0;
				GCC_PREPROCESSOR_DEFINITIONS = (
					"DEBUG=1",
					"$(inherited)",
				);
				GCC_SYMBOLS_PRIVATE_EXTERN = NO;
				GCC_WARN_64_TO_32_BIT_CONVERSION = YES;
				GCC_WARN_ABOUT_RETURN_TYPE = YES_ERROR;
				GCC_WARN_UNDECLARED_SELECTOR = YES;
				GCC_WARN_UNINITIALIZED_AUTOS = YES_AGGRESSIVE;
				GCC_WARN_UNUSED_FUNCTION = YES;
				GCC_WARN_UNUSED_VARIABLE = YES;
				HEADER_SEARCH_PATHS = (
					"$(inherited)",
					osx/include,
				);
				MACOSX_DEPLOYMENT_TARGET = 10.9;
				ONLY_ACTIVE_ARCH = YES;
				OTHER_LDFLAGS = "-Wl,-no_compact_unwind";
				PRODUCT_NAME = ffi;
				SDKROOT = macosx;
			};
			name = Debug;
		};
		DB13B1B21849DF520010F42D /* Release */ = {
			isa = XCBuildConfiguration;
			buildSettings = {
				ALWAYS_SEARCH_USER_PATHS = NO;
				ARCHS = "$(ARCHS_STANDARD_32_64_BIT)";
				CLANG_CXX_LANGUAGE_STANDARD = "gnu++0x";
				CLANG_CXX_LIBRARY = "libc++";
				CLANG_ENABLE_OBJC_ARC = YES;
				CLANG_WARN_BOOL_CONVERSION = YES;
				CLANG_WARN_CONSTANT_CONVERSION = YES;
				CLANG_WARN_DIRECT_OBJC_ISA_USAGE = YES_ERROR;
				CLANG_WARN_EMPTY_BODY = YES;
				CLANG_WARN_ENUM_CONVERSION = YES;
				CLANG_WARN_INT_CONVERSION = YES;
				CLANG_WARN_OBJC_ROOT_CLASS = YES_ERROR;
				CLANG_WARN__DUPLICATE_METHOD_MATCH = YES;
				COPY_PHASE_STRIP = YES;
				DEBUG_INFORMATION_FORMAT = "dwarf-with-dsym";
				DYLIB_COMPATIBILITY_VERSION = 1;
				DYLIB_CURRENT_VERSION = 1;
				ENABLE_NS_ASSERTIONS = NO;
				GCC_C_LANGUAGE_STANDARD = gnu99;
				GCC_ENABLE_OBJC_EXCEPTIONS = YES;
				GCC_WARN_64_TO_32_BIT_CONVERSION = YES;
				GCC_WARN_ABOUT_RETURN_TYPE = YES_ERROR;
				GCC_WARN_UNDECLARED_SELECTOR = YES;
				GCC_WARN_UNINITIALIZED_AUTOS = YES_AGGRESSIVE;
				GCC_WARN_UNUSED_FUNCTION = YES;
				GCC_WARN_UNUSED_VARIABLE = YES;
				HEADER_SEARCH_PATHS = (
					"$(inherited)",
					osx/include,
				);
				MACOSX_DEPLOYMENT_TARGET = 10.9;
				OTHER_LDFLAGS = "-Wl,-no_compact_unwind";
				PRODUCT_NAME = ffi;
				SDKROOT = macosx;
			};
			name = Release;
		};
/* End XCBuildConfiguration section */

/* Begin XCConfigurationList section */
		DB13B15F1849DEB70010F42D /* Build configuration list for PBXProject "libffi" */ = {
			isa = XCConfigurationList;
			buildConfigurations = (
				DB13B1601849DEB70010F42D /* Debug */,
				DB13B1611849DEB70010F42D /* Release */,
			);
			defaultConfigurationIsVisible = 0;
			defaultConfigurationName = Release;
		};
		DB13B18B1849DF1E0010F42D /* Build configuration list for PBXNativeTarget "libffi-iOS" */ = {
			isa = XCConfigurationList;
			buildConfigurations = (
				DB13B1871849DF1E0010F42D /* Debug */,
				DB13B1881849DF1E0010F42D /* Release */,
			);
			defaultConfigurationIsVisible = 0;
			defaultConfigurationName = Release;
		};
		DB13B1B01849DF520010F42D /* Build configuration list for PBXNativeTarget "libffi-Mac" */ = {
			isa = XCConfigurationList;
			buildConfigurations = (
				DB13B1B11849DF520010F42D /* Debug */,
				DB13B1B21849DF520010F42D /* Release */,
			);
			defaultConfigurationIsVisible = 0;
			defaultConfigurationName = Release;
		};
/* End XCConfigurationList section */
	};
	rootObject = DB13B15C1849DEB70010F42D /* Project object */;
}
